{
    "_readme": [
        "This file locks the dependencies of your project to a known state",
        "Read more about it at http://getcomposer.org/doc/01-basic-usage.md#composer-lock-the-lock-file",
        "This file is @generated automatically"
    ],
    "hash": "7ab9f73a352a87cf16aa0b43d0e1b7c8",
    "packages": [
        {
            "name": "composer/installers",
            "version": "v1.0.19",
            "source": {
                "type": "git",
                "url": "https://github.com/composer/installers.git",
                "reference": "89d77bfbee79e16653f7162c86e602cc188471db"
            },
            "dist": {
                "type": "zip",
                "url": "https://api.github.com/repos/composer/installers/zipball/89d77bfbee79e16653f7162c86e602cc188471db",
                "reference": "89d77bfbee79e16653f7162c86e602cc188471db",
                "shasum": ""
            },
            "replace": {
                "roundcube/plugin-installer": "*",
                "shama/baton": "*"
            },
            "require-dev": {
                "composer/composer": "1.0.*@dev",
                "phpunit/phpunit": "4.1.*"
            },
            "type": "composer-installer",
            "extra": {
                "class": "Composer\\Installers\\Installer",
                "branch-alias": {
                    "dev-master": "1.0-dev"
                }
            },
            "autoload": {
                "psr-0": {
                    "Composer\\Installers\\": "src/"
                }
            },
            "notification-url": "https://packagist.org/downloads/",
            "license": [
                "MIT"
            ],
            "authors": [
                {
                    "name": "Kyle Robinson Young",
                    "email": "kyle@dontkry.com",
                    "homepage": "https://github.com/shama"
                }
            ],
            "description": "A multi-framework Composer library installer",
            "homepage": "http://composer.github.com/installers/",
            "keywords": [
                "Craft",
                "Dolibarr",
                "Hurad",
                "MODX Evo",
                "OXID",
                "Thelia",
                "WolfCMS",
                "agl",
                "annotatecms",
                "bitrix",
                "cakephp",
                "chef",
                "codeigniter",
                "concrete5",
                "croogo",
                "dokuwiki",
                "drupal",
                "elgg",
                "fuelphp",
                "grav",
                "installer",
                "joomla",
                "kohana",
                "laravel",
                "lithium",
                "magento",
                "mako",
                "mediawiki",
                "modulework",
                "moodle",
                "phpbb",
                "piwik",
                "ppi",
                "puppet",
                "roundcube",
                "shopware",
                "silverstripe",
                "symfony",
                "typo3",
                "wordpress",
                "zend",
                "zikula"
            ],
            "time": "2014-11-29 01:29:17"
        },
        {
            "name": "hashids/hashids",
            "version": "0.3.1",
            "source": {
                "type": "git",
                "url": "https://github.com/ivanakimov/hashids.php.git",
                "reference": "11895b4c33cc390d7faa4aab40f4cd17f05b23a2"
            },
            "dist": {
                "type": "zip",
                "url": "https://api.github.com/repos/ivanakimov/hashids.php/zipball/11895b4c33cc390d7faa4aab40f4cd17f05b23a2",
                "reference": "11895b4c33cc390d7faa4aab40f4cd17f05b23a2",
                "shasum": ""
            },
            "require": {
                "php": ">=5.3.0"
            },
            "require-dev": {
                "phpunit/phpunit": "3.7.*"
            },
            "type": "library",
            "extra": {
                "branch-alias": {
                    "dev-master": "0.3.x-dev"
                }
            },
            "autoload": {
                "psr-0": {
                    "Hashids": "lib/"
                }
            },
            "notification-url": "https://packagist.org/downloads/",
            "license": [
                "MIT"
            ],
            "authors": [
                {
                    "name": "Ivan Akimov",
                    "email": "ivan@barreleye.com",
                    "homepage": "https://twitter.com/ivanakimov",
                    "role": "Developer"
                }
            ],
            "description": "Generate hashes like YouTube or Bitly from numbers to obfuscate your database IDs, or navigate to the right shard.",
            "homepage": "http://www.hashids.org/php/",
            "keywords": [
                "bitly",
                "decrypt",
                "encrypt",
                "hash",
                "hashids",
                "ids",
                "obfuscate",
                "youtube"
            ],
            "time": "2014-07-22 05:42:05"
        },
        {
            "name": "jublonet/codebird-php",
            "version": "dev-master",
            "source": {
                "type": "git",
                "url": "https://github.com/jublonet/codebird-php.git",
                "reference": "58c58d73a57206d00903efa5338dba38eddac82a"
            },
            "dist": {
                "type": "zip",
                "url": "https://api.github.com/repos/jublonet/codebird-php/zipball/58c58d73a57206d00903efa5338dba38eddac82a",
                "reference": "58c58d73a57206d00903efa5338dba38eddac82a",
                "shasum": ""
            },
            "require": {
                "composer/installers": "~1.0",
                "ext-hash": "*",
                "ext-json": "*",
                "lib-openssl": "*"
            },
            "type": "library",
            "autoload": {
                "classmap": [
                    "src/"
                ]
            },
            "notification-url": "https://packagist.org/downloads/",
            "license": [
                "GPL-3.0+"
            ],
            "authors": [
                {
                    "name": "Joshua Atkins",
                    "email": "joshua.atkins@jublo.net",
                    "homepage": "http://atkins.im/",
                    "role": "Developer"
                },
                {
                    "name": "J.M.",
                    "email": "jm@jublo.net",
                    "homepage": "http://mynetx.net/",
                    "role": "Developer"
                }
            ],
            "description": "A Twitter library in PHP.",
            "homepage": "http://www.jublo.net/projects/codebird/php",
            "keywords": [
                "api",
                "networking",
                "twitter"
            ],
            "time": "2014-12-13 17:07:19"
        },
        {
            "name": "jwhennessey/phpinsight",
            "version": "dev-master",
            "source": {
                "type": "git",
                "url": "https://github.com/JWHennessey/phpInsight.git",
                "reference": "a65a7c9494d2b590564161a5355a3cd9cc1c37e2"
            },
            "dist": {
                "type": "zip",
                "url": "https://api.github.com/repos/JWHennessey/phpInsight/zipball/a65a7c9494d2b590564161a5355a3cd9cc1c37e2",
                "reference": "a65a7c9494d2b590564161a5355a3cd9cc1c37e2",
                "shasum": ""
            },
            "require": {
                "php": ">=5.3.0"
            },
            "type": "library",
            "autoload": {
                "psr-0": {
                    "PHPInsight": "lib/"
                }
            },
            "notification-url": "https://packagist.org/downloads/",
            "license": [
                "GPLv3 or later"
            ],
            "authors": [
                {
                    "name": "James Hennessey"
                }
            ],
            "description": "Sentiment analysis tool for PHP",
            "homepage": "https://github.com/JWHennessey/phpInsight",
            "keywords": [
                "insight",
                "phpinsight",
                "sentiment"
            ],
            "time": "2014-10-26 13:58:02"
        },
        {
            "name": "little-polar-apps/ets",
            "version": "dev-master",
            "source": {
                "type": "git",
                "url": "https://github.com/Little-Polar-Apps/ets.git",
                "reference": "13dbddcfa720c95be1e2807a85cdafdbadd8d4ab"
            },
            "dist": {
                "type": "zip",
                "url": "https://api.github.com/repos/Little-Polar-Apps/ets/zipball/13dbddcfa720c95be1e2807a85cdafdbadd8d4ab",
                "reference": "13dbddcfa720c95be1e2807a85cdafdbadd8d4ab",
                "shasum": ""
            },
            "require": {
                "php": ">=5.3.0"
            },
            "type": "library",
            "autoload": {
                "psr-0": {
                    "_ets": "src/"
                }
            },
            "notification-url": "https://packagist.org/downloads/",
            "description": "PHP Easy Template System",
            "time": "2014-06-26 14:00:34"
        },
        {
            "name": "little-polar-apps/ets-view",
            "version": "dev-master",
            "source": {
                "type": "git",
                "url": "https://github.com/Little-Polar-Apps/ets-view.git",
                "reference": "e38e331b674d6de1d0634db03568ac7ce631ae73"
            },
            "dist": {
                "type": "zip",
                "url": "https://api.github.com/repos/Little-Polar-Apps/ets-view/zipball/e38e331b674d6de1d0634db03568ac7ce631ae73",
                "reference": "e38e331b674d6de1d0634db03568ac7ce631ae73",
                "shasum": ""
            },
            "require": {
                "php": ">=5.3.0",
                "slim/slim": ">=2.4.0",
                "slim/views": ">=0.1.0"
            },
            "type": "library",
            "extra": {
                "installer-paths": {
                    "vendor/slim/views/Slim/Views/{$name}": [
                        "vendor/package"
                    ]
                }
            },
            "autoload": {
                "psr-0": {
                    "Ets": "src/"
                }
            },
            "notification-url": "https://packagist.org/downloads/",
            "license": [
                "MIT"
            ],
            "authors": [
                {
                    "name": "Ian Tearle",
                    "email": "ian@littlepolarapps.com",
                    "homepage": "http://iantearle.com/"
                }
            ],
            "description": "PHP Easy Template System View Parser package for the Slim Framework",
            "keywords": [
                "extensions",
                "slimphp",
                "templating"
            ],
            "time": "2014-09-10 13:04:21"
        },
        {
            "name": "mandrill/mandrill",
            "version": "1.0.54",
            "source": {
                "type": "git",
                "url": "https://bitbucket.org/mailchimp/mandrill-api-php.git",
                "reference": "9f336b08ea148c80db3b694f3dc737cd4f414e19"
            },
            "dist": {
                "type": "zip",
                "url": "https://bitbucket.org/mailchimp/mandrill-api-php/get/9f336b08ea148c80db3b694f3dc737cd4f414e19.zip",
                "reference": "9f336b08ea148c80db3b694f3dc737cd4f414e19",
                "shasum": ""
            },
            "require": {
                "php": ">=5.2.0"
            },
            "type": "library",
            "autoload": {
                "psr-0": {
                    "Mandrill": "src/"
                }
            },
            "notification-url": "https://packagist.org/downloads/",
            "license": [
                "Apache-2.0"
            ],
            "authors": [
                {
                    "name": "Mandrill Devs",
                    "email": "community@mandrill.com",
                    "homepage": "http://mandrill.com",
                    "role": "Developer"
                }
            ],
            "description": "API client library for the Mandrill email as a service platform",
            "homepage": "https://bitbucket.org/mailchimp/mandrill-api-php",
            "keywords": [
                "api",
                "email"
            ],
            "time": "2014-10-16 21:08:20"
        },
        {
            "name": "robmorgan/phinx",
            "version": "v0.4.1",
            "source": {
                "type": "git",
                "url": "https://github.com/robmorgan/phinx.git",
                "reference": "357210707c000f50edea802d84b74724ad122478"
            },
            "dist": {
                "type": "zip",
                "url": "https://api.github.com/repos/robmorgan/phinx/zipball/357210707c000f50edea802d84b74724ad122478",
                "reference": "357210707c000f50edea802d84b74724ad122478",
                "shasum": ""
            },
            "require": {
                "php": ">=5.3.2",
                "symfony/class-loader": "~2.6.0",
                "symfony/config": "~2.6.0",
                "symfony/console": "~2.6.0",
                "symfony/yaml": "~2.6.0"
            },
            "require-dev": {
                "phpunit/phpunit": "3.7.*",
                "squizlabs/php_codesniffer": "dev-phpcs-fixer"
            },
            "bin": [
                "bin/phinx"
            ],
            "type": "library",
            "autoload": {
                "psr-0": {
                    "Phinx": "src/"
                }
            },
            "notification-url": "https://packagist.org/downloads/",
            "license": [
                "MIT"
            ],
            "authors": [
                {
                    "name": "Rob Morgan",
                    "email": "robbym@gmail.com",
                    "homepage": "http://robmorgan.id.au",
                    "role": "Lead Developer"
                }
            ],
            "description": "Phinx makes it ridiculously easy to manage the database migrations for your PHP app.",
            "homepage": "https://phinx.org",
            "keywords": [
                "database",
                "database migrations",
                "db",
                "migrations",
                "phinx"
            ],
            "time": "2014-12-23 06:06:14"
        },
        {
            "name": "slim/slim",
            "version": "2.5.0",
            "source": {
                "type": "git",
                "url": "https://github.com/codeguy/Slim.git",
                "reference": "04958a10ed95bc7bc97568e573877d4f9b62db48"
            },
            "dist": {
                "type": "zip",
                "url": "https://api.github.com/repos/codeguy/Slim/zipball/04958a10ed95bc7bc97568e573877d4f9b62db48",
                "reference": "04958a10ed95bc7bc97568e573877d4f9b62db48",
                "shasum": ""
            },
            "require": {
                "php": ">=5.3.0"
            },
            "suggest": {
                "ext-mcrypt": "Required for HTTP cookie encryption"
            },
            "type": "library",
            "autoload": {
                "psr-0": {
                    "Slim": "."
                }
            },
            "notification-url": "https://packagist.org/downloads/",
            "license": [
                "MIT"
            ],
            "authors": [
                {
                    "name": "Josh Lockhart",
                    "email": "info@joshlockhart.com",
                    "homepage": "http://www.joshlockhart.com/"
                }
            ],
            "description": "Slim Framework, a PHP micro framework",
            "homepage": "http://github.com/codeguy/Slim",
            "keywords": [
                "microframework",
                "rest",
                "router"
            ],
            "time": "2014-12-09 19:59:29"
        },
        {
            "name": "slim/views",
            "version": "0.1.3",
            "source": {
                "type": "git",
                "url": "https://github.com/codeguy/Slim-Views.git",
                "reference": "8561c785e55a39df6cb6f95c3aba3281a60ed5b0"
            },
            "dist": {
                "type": "zip",
                "url": "https://api.github.com/repos/codeguy/Slim-Views/zipball/8561c785e55a39df6cb6f95c3aba3281a60ed5b0",
                "reference": "8561c785e55a39df6cb6f95c3aba3281a60ed5b0",
                "shasum": ""
            },
            "require": {
                "php": ">=5.3.0",
                "slim/slim": ">=2.4.0"
            },
            "suggest": {
                "smarty/smarty": "Smarty templating system",
                "twig/twig": "Twig templating system"
            },
            "type": "library",
            "autoload": {
                "psr-4": {
                    "Slim\\Views\\": "./"
                }
            },
            "notification-url": "https://packagist.org/downloads/",
            "license": [
                "MIT"
            ],
            "authors": [
                {
                    "name": "Josh Lockhart",
                    "email": "info@joshlockhart.com",
                    "homepage": "http://www.joshlockhart.com/"
                },
                {
                    "name": "Andrew Smith",
                    "email": "a.smith@silentworks.co.uk",
                    "homepage": "http://thoughts.silentworks.co.uk/"
                }
            ],
            "description": "Smarty and Twig View Parser package for the Slim Framework",
            "homepage": "http://github.com/codeguy/Slim-Views",
            "keywords": [
                "extensions",
                "slimphp",
                "templating"
            ],
            "time": "2014-12-09 23:48:51"
        },
        {
            "name": "stripe/stripe-php",
            "version": "dev-master",
            "source": {
                "type": "git",
                "url": "https://github.com/stripe/stripe-php.git",
                "reference": "e93d4f101fe0c01fb61fe820043ead545045ed3c"
            },
            "dist": {
                "type": "zip",
                "url": "https://api.github.com/repos/stripe/stripe-php/zipball/e93d4f101fe0c01fb61fe820043ead545045ed3c",
                "reference": "e93d4f101fe0c01fb61fe820043ead545045ed3c",
                "shasum": ""
            },
            "require": {
                "ext-curl": "*",
                "ext-json": "*",
                "ext-mbstring": "*",
                "php": ">=5.2"
            },
            "require-dev": {
                "simpletest/simpletest": "*"
            },
            "type": "library",
            "autoload": {
                "classmap": [
                    "lib/Stripe/"
                ]
            },
            "notification-url": "https://packagist.org/downloads/",
            "license": [
                "MIT"
            ],
            "authors": [
                {
                    "name": "Stripe and contributors",
                    "homepage": "https://github.com/stripe/stripe-php/contributors"
                }
            ],
            "description": "Stripe PHP Library",
            "homepage": "https://stripe.com/",
            "keywords": [
                "api",
                "payment processing",
                "stripe"
            ],
            "time": "2014-12-23 23:59:35"
        },
        {
            "name": "symfony/class-loader",
            "version": "v2.6.3",
            "target-dir": "Symfony/Component/ClassLoader",
            "source": {
                "type": "git",
                "url": "https://github.com/symfony/ClassLoader.git",
                "reference": "deac802f76910708ab50d039806cfd1866895b52"
            },
            "dist": {
                "type": "zip",
                "url": "https://api.github.com/repos/symfony/ClassLoader/zipball/deac802f76910708ab50d039806cfd1866895b52",
                "reference": "deac802f76910708ab50d039806cfd1866895b52",
                "shasum": ""
            },
            "require": {
                "php": ">=5.3.3"
            },
            "require-dev": {
                "symfony/finder": "~2.0,>=2.0.5"
            },
            "type": "library",
            "extra": {
                "branch-alias": {
                    "dev-master": "2.6-dev"
                }
            },
            "autoload": {
                "psr-0": {
                    "Symfony\\Component\\ClassLoader\\": ""
                }
            },
            "notification-url": "https://packagist.org/downloads/",
            "license": [
                "MIT"
            ],
            "authors": [
                {
                    "name": "Symfony Community",
                    "homepage": "http://symfony.com/contributors"
                },
                {
                    "name": "Fabien Potencier",
                    "email": "fabien@symfony.com"
                }
            ],
            "description": "Symfony ClassLoader Component",
            "homepage": "http://symfony.com",
            "time": "2015-01-05 14:28:40"
        },
        {
            "name": "symfony/config",
            "version": "v2.6.3",
            "target-dir": "Symfony/Component/Config",
            "source": {
                "type": "git",
                "url": "https://github.com/symfony/Config.git",
                "reference": "d94f222eff99a22ce313555b78642b4873418d56"
            },
            "dist": {
                "type": "zip",
                "url": "https://api.github.com/repos/symfony/Config/zipball/d94f222eff99a22ce313555b78642b4873418d56",
                "reference": "d94f222eff99a22ce313555b78642b4873418d56",
                "shasum": ""
            },
            "require": {
                "php": ">=5.3.3",
                "symfony/filesystem": "~2.3"
            },
            "type": "library",
            "extra": {
                "branch-alias": {
                    "dev-master": "2.6-dev"
                }
            },
            "autoload": {
                "psr-0": {
                    "Symfony\\Component\\Config\\": ""
                }
            },
            "notification-url": "https://packagist.org/downloads/",
            "license": [
                "MIT"
            ],
            "authors": [
                {
                    "name": "Symfony Community",
                    "homepage": "http://symfony.com/contributors"
                },
                {
                    "name": "Fabien Potencier",
                    "email": "fabien@symfony.com"
                }
            ],
            "description": "Symfony Config Component",
            "homepage": "http://symfony.com",
            "time": "2015-01-03 08:01:59"
        },
        {
            "name": "symfony/console",
            "version": "v2.6.3",
            "target-dir": "Symfony/Component/Console",
            "source": {
                "type": "git",
                "url": "https://github.com/symfony/Console.git",
                "reference": "6ac6491ff60c0e5a941db3ccdc75a07adbb61476"
            },
            "dist": {
                "type": "zip",
                "url": "https://api.github.com/repos/symfony/Console/zipball/6ac6491ff60c0e5a941db3ccdc75a07adbb61476",
                "reference": "6ac6491ff60c0e5a941db3ccdc75a07adbb61476",
                "shasum": ""
            },
            "require": {
                "php": ">=5.3.3"
            },
            "require-dev": {
                "psr/log": "~1.0",
                "symfony/event-dispatcher": "~2.1",
                "symfony/process": "~2.1"
            },
            "suggest": {
                "psr/log": "For using the console logger",
                "symfony/event-dispatcher": "",
                "symfony/process": ""
            },
            "type": "library",
            "extra": {
                "branch-alias": {
                    "dev-master": "2.6-dev"
                }
            },
            "autoload": {
                "psr-0": {
                    "Symfony\\Component\\Console\\": ""
                }
            },
            "notification-url": "https://packagist.org/downloads/",
            "license": [
                "MIT"
            ],
            "authors": [
                {
                    "name": "Symfony Community",
                    "homepage": "http://symfony.com/contributors"
                },
                {
                    "name": "Fabien Potencier",
                    "email": "fabien@symfony.com"
                }
            ],
            "description": "Symfony Console Component",
            "homepage": "http://symfony.com",
            "time": "2015-01-06 17:50:02"
        },
        {
            "name": "symfony/filesystem",
            "version": "v2.6.3",
            "target-dir": "Symfony/Component/Filesystem",
            "source": {
                "type": "git",
                "url": "https://github.com/symfony/Filesystem.git",
                "reference": "a1f566d1f92e142fa1593f4555d6d89e3044a9b7"
            },
            "dist": {
                "type": "zip",
                "url": "https://api.github.com/repos/symfony/Filesystem/zipball/a1f566d1f92e142fa1593f4555d6d89e3044a9b7",
                "reference": "a1f566d1f92e142fa1593f4555d6d89e3044a9b7",
                "shasum": ""
            },
            "require": {
                "php": ">=5.3.3"
            },
            "type": "library",
            "extra": {
                "branch-alias": {
                    "dev-master": "2.6-dev"
                }
            },
            "autoload": {
                "psr-0": {
                    "Symfony\\Component\\Filesystem\\": ""
                }
            },
            "notification-url": "https://packagist.org/downloads/",
            "license": [
                "MIT"
            ],
            "authors": [
                {
                    "name": "Symfony Community",
                    "homepage": "http://symfony.com/contributors"
                },
                {
                    "name": "Fabien Potencier",
                    "email": "fabien@symfony.com"
                }
            ],
            "description": "Symfony Filesystem Component",
            "homepage": "http://symfony.com",
            "time": "2015-01-03 21:13:09"
        },
        {
            "name": "symfony/yaml",
            "version": "v2.6.3",
            "target-dir": "Symfony/Component/Yaml",
            "source": {
                "type": "git",
                "url": "https://github.com/symfony/Yaml.git",
                "reference": "82462a90848a52c2533aa6b598b107d68076b018"
            },
            "dist": {
                "type": "zip",
                "url": "https://api.github.com/repos/symfony/Yaml/zipball/82462a90848a52c2533aa6b598b107d68076b018",
                "reference": "82462a90848a52c2533aa6b598b107d68076b018",
                "shasum": ""
            },
            "require": {
                "php": ">=5.3.3"
            },
            "type": "library",
            "extra": {
                "branch-alias": {
                    "dev-master": "2.6-dev"
                }
            },
            "autoload": {
                "psr-0": {
                    "Symfony\\Component\\Yaml\\": ""
                }
            },
            "notification-url": "https://packagist.org/downloads/",
            "license": [
                "MIT"
            ],
            "authors": [
                {
                    "name": "Symfony Community",
                    "homepage": "http://symfony.com/contributors"
                },
                {
                    "name": "Fabien Potencier",
                    "email": "fabien@symfony.com"
                }
            ],
            "description": "Symfony Yaml Component",
            "homepage": "http://symfony.com",
            "time": "2015-01-03 15:33:07"
        },
        {
            "name": "vlucas/phpdotenv",
            "version": "v1.1.0",
            "source": {
                "type": "git",
                "url": "https://github.com/vlucas/phpdotenv.git",
                "reference": "732d2adb7d916c9593b9d58c3b0d9ebefead07aa"
            },
            "dist": {
                "type": "zip",
                "url": "https://api.github.com/repos/vlucas/phpdotenv/zipball/732d2adb7d916c9593b9d58c3b0d9ebefead07aa",
                "reference": "732d2adb7d916c9593b9d58c3b0d9ebefead07aa",
                "shasum": ""
            },
            "require": {
                "php": ">=5.3.2"
            },
            "require-dev": {
                "phpunit/phpunit": "~4.0"
            },
            "type": "library",
            "extra": {
                "branch-alias": {
                    "dev-master": "1.0-dev"
                }
            },
            "autoload": {
                "psr-0": {
                    "Dotenv": "src/"
                }
            },
            "notification-url": "https://packagist.org/downloads/",
            "license": [
                "BSD"
            ],
            "authors": [
                {
                    "name": "Vance Lucas",
                    "email": "vance@vancelucas.com",
                    "homepage": "http://www.vancelucas.com"
                }
            ],
            "description": "Loads environment variables from `.env` to `getenv()`, `$_ENV` and `$_SERVER` automagically.",
            "homepage": "http://github.com/vlucas/phpdotenv",
            "keywords": [
                "dotenv",
                "env",
                "environment"
            ],
            "time": "2014-12-05 15:19:21"
        }
    ],
    "packages-dev": [],
    "aliases": [],
    "minimum-stability": "stable",
    "stability-flags": {
        "stripe/stripe-php": 20,
        "hashids/hashids": 20,
        "little-polar-apps/ets": 20,
        "little-polar-apps/ets-view": 20,
        "jublonet/codebird-php": 20,
        "jwhennessey/phpinsight": 20
    },
    "prefer-stable": false,
    "prefer-lowest": false,
    "platform": [],
    "platform-dev": []
}
